// !$*UTF8*$!
{
	archiveVersion = 1;
	classes = {
	};
	objectVersion = 46;
	objects = {

/* Begin PBXBuildFile section */
		CC7963E31D439BCF00A8CC04 /* main.m in Sources */ = {isa = PBXBuildFile; fileRef = CC7963E21D439BCF00A8CC04 /* main.m */; };
		CC7963E61D439BCF00A8CC04 /* AppDelegate.m in Sources */ = {isa = PBXBuildFile; fileRef = CC7963E51D439BCF00A8CC04 /* AppDelegate.m */; };
		CC7963E91D439BCF00A8CC04 /* ViewController.m in Sources */ = {isa = PBXBuildFile; fileRef = CC7963E81D439BCF00A8CC04 /* ViewController.m */; };
		CC7963EC1D439BCF00A8CC04 /* Main.storyboard in Resources */ = {isa = PBXBuildFile; fileRef = CC7963EA1D439BCF00A8CC04 /* Main.storyboard */; };
		CC7963EE1D439BCF00A8CC04 /* Assets.xcassets in Resources */ = {isa = PBXBuildFile; fileRef = CC7963ED1D439BCF00A8CC04 /* Assets.xcassets */; };
		CC7963F11D439BCF00A8CC04 /* LaunchScreen.storyboard in Resources */ = {isa = PBXBuildFile; fileRef = CC7963EF1D439BCF00A8CC04 /* LaunchScreen.storyboard */; };
/* End PBXBuildFile section */

/* Begin PBXFileReference section */
		CC7963DE1D439BCF00A8CC04 /* cocoa.app */ = {isa = PBXFileReference; explicitFileType = wrapper.application; includeInIndex = 0; path = cocoa.app; sourceTree = BUILT_PRODUCTS_DIR; };
		CC7963E21D439BCF00A8CC04 /* main.m */ = {isa = PBXFileReference; lastKnownFileType = sourcecode.c.objc; path = main.m; sourceTree = "<group>"; };
		CC7963E41D439BCF00A8CC04 /* AppDelegate.h */ = {isa = PBXFileReference; lastKnownFileType = sourcecode.c.h; path = AppDelegate.h; sourceTree = "<group>"; };
		CC7963E51D439BCF00A8CC04 /* AppDelegate.m */ = {isa = PBXFileReference; lastKnownFileType = sourcecode.c.objc; path = AppDelegate.m; sourceTree = "<group>"; };
		CC7963E71D439BCF00A8CC04 /* ViewController.h */ = {isa = PBXFileReference; lastKnownFileType = sourcecode.c.h; path = ViewController.h; sourceTree = "<group>"; };
		CC7963E81D439BCF00A8CC04 /* ViewController.m */ = {isa = PBXFileReference; lastKnownFileType = sourcecode.c.objc; path = ViewController.m; sourceTree = "<group>"; };
		CC7963EB1D439BCF00A8CC04 /* Base */ = {isa = PBXFileReference; lastKnownFileType = file.storyboard; name = Base; path = Base.lproj/Main.storyboard; sourceTree = "<group>"; };
		CC7963ED1D439BCF00A8CC04 /* Assets.xcassets */ = {isa = PBXFileReference; lastKnownFileType = folder.assetcatalog; path = Assets.xcassets; sourceTree = "<group>"; };
		CC7963F01D439BCF00A8CC04 /* Base */ = {isa = PBXFileReference; lastKnownFileType = file.storyboard; name = Base; path = Base.lproj/LaunchScreen.storyboard; sourceTree = "<group>"; };
		CC7963F21D439BCF00A8CC04 /* Info.plist */ = {isa = PBXFileReference; lastKnownFileType = text.plist.xml; path = Info.plist; sourceTree = "<group>"; };
/* End PBXFileReference section */

/* Begin PBXFrameworksBuildPhase section */
		CC7963DB1D439BCF00A8CC04 /* Frameworks */ = {
			isa = PBXFrameworksBuildPhase;
			buildActionMask = 2147483647;
			files = (
			);
			runOnlyForDeploymentPostprocessing = 0;
		};
/* End PBXFrameworksBuildPhase section */

/* Begin PBXGroup section */
		CC7963D51D439BCF00A8CC04 = {
			isa = PBXGroup;
			children = (
				CC7963E01D439BCF00A8CC04 /* cocoa */,
				CC7963DF1D439BCF00A8CC04 /* Products */,
			);
			sourceTree = "<group>";
		};
		CC7963DF1D439BCF00A8CC04 /* Products */ = {
			isa = PBXGroup;
			children = (
				CC7963DE1D439BCF00A8CC04 /* cocoa.app */,
			);
			name = Products;
			sourceTree = "<group>";
		};
		CC7963E01D439BCF00A8CC04 /* cocoa */ = {
			isa = PBXGroup;
			children = (
				CC7963E41D439BCF00A8CC04 /* AppDelegate.h */,
				CC7963E51D439BCF00A8CC04 /* AppDelegate.m */,
				CC7963E71D439BCF00A8CC04 /* ViewController.h */,
				CC7963E81D439BCF00A8CC04 /* ViewController.m */,
				CC7963EA1D439BCF00A8CC04 /* Main.storyboard */,
				CC7963ED1D439BCF00A8CC04 /* Assets.xcassets */,
				CC7963EF1D439BCF00A8CC04 /* LaunchScreen.storyboard */,
				CC7963F21D439BCF00A8CC04 /* Info.plist */,
				CC7963E11D439BCF00A8CC04 /* Supporting Files */,
			);
			path = cocoa;
			sourceTree = "<group>";
		};
		CC7963E11D439BCF00A8CC04 /* Supporting Files */ = {
			isa = PBXGroup;
			children = (
				CC7963E21D439BCF00A8CC04 /* main.m */,
			);
			name = "Supporting Files";
			sourceTree = "<group>";
		};
/* End PBXGroup section */

/* Begin PBXNativeTarget section */
		CC7963DD1D439BCF00A8CC04 /* cocoa */ = {
			isa = PBXNativeTarget;
			buildConfigurationList = CC7963F51D439BCF00A8CC04 /* Build configuration list for PBXNativeTarget "cocoa" */;
			buildPhases = (
				CC7963DA1D439BCF00A8CC04 /* Sources */,
				CC7963DB1D439BCF00A8CC04 /* Frameworks */,
				CC7963DC1D439BCF00A8CC04 /* Resources */,
			);
			buildRules = (
			);
			dependencies = (
			);
			name = cocoa;
			productName = cocoa;
			productReference = CC7963DE1D439BCF00A8CC04 /* cocoa.app */;
			productType = "com.apple.product-type.application";
		};
/* End PBXNativeTarget section */

/* Begin PBXProject section */
		CC7963D61D439BCF00A8CC04 /* Project object */ = {
			isa = PBXProject;
			attributes = {
				LastUpgradeCheck = 0730;
				ORGANIZATIONNAME = qingyun;
				TargetAttributes = {
					CC7963DD1D439BCF00A8CC04 = {
						CreatedOnToolsVersion = 7.3;
						DevelopmentTeam = NERG7QYPPA;
					};
				};
			};
			buildConfigurationList = CC7963D91D439BCF00A8CC04 /* Build configuration list for PBXProject "cocoa" */;
			compatibilityVersion = "Xcode 3.2";
			developmentRegion = English;
			hasScannedForEncodings = 0;
			knownRegions = (
				en,
				Base,
			);
			mainGroup = CC7963D51D439BCF00A8CC04;
			productRefGroup = CC7963DF1D439BCF00A8CC04 /* Products */;
			projectDirPath = "";
			projectRoot = "";
			targets = (
				CC7963DD1D439BCF00A8CC04 /* cocoa */,
			);
		};
/* End PBXProject section */

/* Begin PBXResourcesBuildPhase section */
		CC7963DC1D439BCF00A8CC04 /* Resources */ = {
			isa = PBXResourcesBuildPhase;
			buildActionMask = 2147483647;
			files = (
				CC7963F11D439BCF00A8CC04 /* LaunchScreen.storyboard in Resources */,
				CC7963EE1D439BCF00A8CC04 /* Assets.xcassets in Resources */,
				CC7963EC1D439BCF00A8CC04 /* Main.storyboard in Resources */,
			);
			runOnlyForDeploymentPostprocessing = 0;
		};
/* End PBXResourcesBuildPhase section */

/* Begin PBXSourcesBuildPhase section */
		CC7963DA1D439BCF00A8CC04 /* Sources */ = {
			isa = PBXSourcesBuildPhase;
			buildActionMask = 2147483647;
			files = (
				CC7963E91D439BCF00A8CC04 /* ViewController.m in Sources */,
				CC7963E61D439BCF00A8CC04 /* AppDelegate.m in Sources */,
				CC7963E31D439BCF00A8CC04 /* main.m in Sources */,
			);
			runOnlyForDeploymentPostprocessing = 0;
		};
/* End PBXSourcesBuildPhase section */

/* Begin PBXVariantGroup section */
		CC7963EA1D439BCF00A8CC04 /* Main.storyboard */ = {
			isa = PBXVariantGroup;
			children = (
				CC7963EB1D439BCF00A8CC04 /* Base */,
			);
			name = Main.storyboard;
			sourceTree = "<group>";
		};
		CC7963EF1D439BCF00A8CC04 /* LaunchScreen.storyboard */ = {
			isa = PBXVariantGroup;
			children = (
				CC7963F01D439BCF00A8CC04 /* Base */,
			);
			name = LaunchScreen.storyboard;
			sourceTree = "<group>";
		};
/* End PBXVariantGroup section */

/* Begin XCBuildConfiguration section */
		CC7963F31D439BCF00A8CC04 /* Debug */ = {
			isa = XCBuildConfiguration;
			buildSettings = {
				ALWAYS_SEARCH_USER_PATHS = NO;
				CLANG_ANALYZER_NONNULL = YES;
				CLANG_CXX_LANGUAGE_STANDARD = "gnu++0x";
				CLANG_CXX_LIBRARY = "libc++";
				CLANG_ENABLE_MODULES = YES;
				CLANG_ENABLE_OBJC_ARC = YES;
				CLANG_WARN_BOOL_CONVERSION = YES;
				CLANG_WARN_CONSTANT_CONVERSION = YES;
				CLANG_WARN_DIRECT_OBJC_ISA_USAGE = YES_ERROR;
				CLANG_WARN_EMPTY_BODY = YES;
				CLANG_WARN_ENUM_CONVERSION = YES;
				CLANG_WARN_INT_CONVERSION = YES;
				CLANG_WARN_OBJC_ROOT_CLASS = YES_ERROR;
				CLANG_WARN_UNREACHABLE_CODE = YES;
				CLANG_WARN__DUPLICATE_METHOD_MATCH = YES;
				"CODE_SIGN_IDENTITY[sdk=iphoneos*]" = "iPhone Developer";
				COPY_PHASE_STRIP = NO;
				DEBUG_INFORMATION_FORMAT = dwarf;
				ENABLE_STRICT_OBJC_MSGSEND = YES;
				ENABLE_TESTABILITY = YES;
				GCC_C_LANGUAGE_STANDARD = gnu99;
				GCC_DYNAMIC_NO_PIC = NO;
				GCC_NO_COMMON_BLOCKS = YES;
				GCC_OPTIMIZATION_LEVEL = 0;
				GCC_PREPROCESSOR_DEFINITIONS = (
					"DEBUG=1",
					"$(inherited)",
				);
				GCC_WARN_64_TO_32_BIT_CONVERSION = YES;
				GCC_WARN_ABOUT_RETURN_TYPE = YES_ERROR;
				GCC_WARN_UNDECLARED_SELECTOR = YES;
				GCC_WARN_UNINITIALIZED_AUTOS = YES_AGGRESSIVE;
				GCC_WARN_UNUSED_FUNCTION = YES;
				GCC_WARN_UNUSED_VARIABLE = YES;
				IPHONEOS_DEPLOYMENT_TARGET = 9.3;
				MTL_ENABLE_DEBUG_INFO = YES;
				ONLY_ACTIVE_ARCH = YES;
				SDKROOT = iphoneos;
			};
			name = Debug;
		};
		CC7963F41D439BCF00A8CC04 /* Release */ = {
			isa = XCBuildConfiguration;
			buildSettings = {
				ALWAYS_SEARCH_USER_PATHS = NO;
				CLANG_ANALYZER_NONNULL = YES;
				CLANG_CXX_LANGUAGE_STANDARD = "gnu++0x";
				CLANG_CXX_LIBRARY = "libc++";
				CLANG_ENABLE_MODULES = YES;
				CLANG_ENABLE_OBJC_ARC = YES;
				CLANG_WARN_BOOL_CONVERSION = YES;
				CLANG_WARN_CONSTANT_CONVERSION = YES;
				CLANG_WARN_DIRECT_OBJC_ISA_USAGE = YES_ERROR;
				CLANG_WARN_EMPTY_BODY = YES;
				CLANG_WARN_ENUM_CONVERSION = YES;
				CLANG_WARN_INT_CONVERSION = YES;
				CLANG_WARN_OBJC_ROOT_CLASS = YES_ERROR;
				CLANG_WARN_UNREACHABLE_CODE = YES;
				CLANG_WARN__DUPLICATE_METHOD_MATCH = YES;
				"CODE_SIGN_IDENTITY[sdk=iphoneos*]" = "iPhone Developer";
				COPY_PHASE_STRIP = NO;
				DEBUG_INFORMATION_FORMAT = "dwarf-with-dsym";
				ENABLE_NS_ASSERTIONS = NO;
				ENABLE_STRICT_OBJC_MSGSEND = YES;
				GCC_C_LANGUAGE_STANDARD = gnu99;
				GCC_NO_COMMON_BLOCKS = YES;
				GCC_WARN_64_TO_32_BIT_CONVERSION = YES;
				GCC_WARN_ABOUT_RETURN_TYPE = YES_ERROR;
				GCC_WARN_UNDECLARED_SELECTOR = YES;
				GCC_WARN_UNINITIALIZED_AUTOS = YES_AGGRESSIVE;
				GCC_WARN_UNUSED_FUNCTION = YES;
				GCC_WARN_UNUSED_VARIABLE = YES;
				IPHONEOS_DEPLOYMENT_TARGET = 9.3;
				MTL_ENABLE_DEBUG_INFO = NO;
				SDKROOT = iphoneos;
				VALIDATE_PRODUCT = YES;
			};
			name = Release;
		};
		CC7963F61D439BCF00A8CC04 /* Debug */ = {
			isa = XCBuildConfiguration;
			buildSettings = {
				ASSETCATALOG_COMPILER_APPICON_NAME = AppIcon;
				INFOPLIST_FILE = cocoa/Info.plist;
				LD_RUNPATH_SEARCH_PATHS = "$(inherited) @executable_path/Frameworks";
				PRODUCT_BUNDLE_IDENTIFIER = com.qingyun.cocoa;
				PRODUCT_NAME = "$(TARGET_NAME)";
			};
			name = Debug;
		};
		CC7963F71D439BCF00A8CC04 /* Release */ = {
			isa = XCBuildConfiguration;
			buildSettings = {
				ASSETCATALOG_COMPILER_APPICON_NAME = AppIcon;
				INFOPLIST_FILE = cocoa/Info.plist;
				LD_RUNPATH_SEARCH_PATHS = "$(inherited) @executable_path/Frameworks";
				PRODUCT_BUNDLE_IDENTIFIER = com.qingyun.cocoa;
				PRODUCT_NAME = "$(TARGET_NAME)";
			};
			name = Release;
		};
/* End XCBuildConfiguration section */

/* Begin XCConfigurationList section */
		CC7963D91D439BCF00A8CC04 /* Build configuration list for PBXProject "cocoa" */ = {
			isa = XCConfigurationList;
			buildConfigurations = (
				CC7963F31D439BCF00A8CC04 /* Debug */,
				CC7963F41D439BCF00A8CC04 /* Release */,
			);
			defaultConfigurationIsVisible = 0;
			defaultConfigurationName = Release;
		};
		CC7963F51D439BCF00A8CC04 /* Build configuration list for PBXNativeTarget "cocoa" */ = {
			isa = XCConfigurationList;
			buildConfigurations = (
				CC7963F61D439BCF00A8CC04 /* Debug */,
				CC7963F71D439BCF00A8CC04 /* Release */,
			);
			defaultConfigurationIsVisible = 0;
		};
/* End XCConfigurationList section */
	};
	rootObject = CC7963D61D439BCF00A8CC04 /* Project object */;
}
